Microsoft Visual Studio Solution File, Format Version 12.00
# Visual Studio 15
VisualStudioVersion = 15.0.26403.7
MinimumVisualStudioVersion = 10.0.40219.1
Project("{9A19103F-16F7-4668-BE54-9A1E7A4F7556}") = "CSProlog", "CSProlog\CSProlog.csproj", "{6A947B78-96D1-45F2-BB9F-036586BAB544}"
EndProject
Project("{9A19103F-16F7-4668-BE54-9A1E7A4F7556}") = "CSProlog.Core.Test", "CSProlog.Core.Test\CSProlog.Core.Test.csproj", "{927B2CA6-BB69-422F-8107-B2E5EE9A6C4C}"
EndProject
Project("{FAE04EC0-301F-11D3-BF4B-00C04F79EFBC}") = "CSPrologConsole", "CSPrologConsole\CSPrologConsole.csproj", "{BC8C126E-33DD-4C23-90EC-9571FE07CFED}"
EndProject
Global
	GlobalSection(SolutionConfigurationPlatforms) = preSolution
		Debug|Any CPU = Debug|Any CPU
		LibraryRelease|Any CPU = LibraryRelease|Any CPU
		Release|Any CPU = Release|Any CPU
	EndGlobalSection
	GlobalSection(ProjectConfigurationPlatforms) = postSolution
		{6A947B78-96D1-45F2-BB9F-036586BAB544}.Debug|Any CPU.ActiveCfg = Debug|Any CPU
		{6A947B78-96D1-45F2-BB9F-036586BAB544}.Debug|Any CPU.Build.0 = Debug|Any CPU
		{6A947B78-96D1-45F2-BB9F-036586BAB544}.LibraryRelease|Any CPU.ActiveCfg = Release|Any CPU
		{6A947B78-96D1-45F2-BB9F-036586BAB544}.LibraryRelease|Any CPU.Build.0 = Release|Any CPU
		{6A947B78-96D1-45F2-BB9F-036586BAB544}.Release|Any CPU.ActiveCfg = Release|Any CPU
		{6A947B78-96D1-45F2-BB9F-036586BAB544}.Release|Any CPU.Build.0 = Release|Any CPU
		{927B2CA6-BB69-422F-8107-B2E5EE9A6C4C}.Debug|Any CPU.ActiveCfg = Debug|Any CPU
		{927B2CA6-BB69-422F-8107-B2E5EE9A6C4C}.Debug|Any CPU.Build.0 = Debug|Any CPU
		{927B2CA6-BB69-422F-8107-B2E5EE9A6C4C}.LibraryRelease|Any CPU.ActiveCfg = Release|Any CPU
		{927B2CA6-BB69-422F-8107-B2E5EE9A6C4C}.LibraryRelease|Any CPU.Build.0 = Release|Any CPU
		{927B2CA6-BB69-422F-8107-B2E5EE9A6C4C}.Release|Any CPU.ActiveCfg = Release|Any CPU
		{927B2CA6-BB69-422F-8107-B2E5EE9A6C4C}.Release|Any CPU.Build.0 = Release|Any CPU
		{BC8C126E-33DD-4C23-90EC-9571FE07CFED}.Debug|Any CPU.ActiveCfg = Debug|Any CPU
		{BC8C126E-33DD-4C23-90EC-9571FE07CFED}.Debug|Any CPU.Build.0 = Debug|Any CPU
		{BC8C126E-33DD-4C23-90EC-9571FE07CFED}.LibraryRelease|Any CPU.ActiveCfg = Debug|Any CPU
		{BC8C126E-33DD-4C23-90EC-9571FE07CFED}.LibraryRelease|Any CPU.Build.0 = Debug|Any CPU
		{BC8C126E-33DD-4C23-90EC-9571FE07CFED}.Release|Any CPU.ActiveCfg = Release|Any CPU
		{BC8C126E-33DD-4C23-90EC-9571FE07CFED}.Release|Any CPU.Build.0 = Release|Any CPU
	EndGlobalSection
	GlobalSection(SolutionProperties) = preSolution
		HideSolutionNode = FALSE
	EndGlobalSection
	GlobalSection(ExtensibilityGlobals) = postSolution
		SolutionGuid = {D1917349-2AD7-41E1-B8E7-E1BE1AABA632}
	EndGlobalSection
EndGlobal
