Microsoft Visual Studio Solution File, Format Version 12.00
# Visual Studio 15
VisualStudioVersion = 15.0.26403.7
MinimumVisualStudioVersion = 10.0.40219.1
Project("{2150E333-8FDC-42A3-9474-1A3956D46DE8}") = "Solution Items", "Solution Items", "{435BB1A6-EBA7-4F55-BF99-AF1C65FC43E2}"
	ProjectSection(SolutionItems) = preProject
		appveyor.yml = appveyor.yml
	EndProjectSection
EndProject
Project("{FAE04EC0-301F-11D3-BF4B-00C04F79EFBC}") = "PLd", "PLd\PLd.csproj", "{B7438FBF-6E46-4065-A60B-1B1CA2AC9875}"
EndProject
Project("{FAE04EC0-301F-11D3-BF4B-00C04F79EFBC}") = "PLw", "PLw\PLw.csproj", "{BB06ADF9-92C3-4F92-8397-5ACC92208528}"
EndProject
Project("{FAE04EC0-301F-11D3-BF4B-00C04F79EFBC}") = "PLx", "PLx\PLx.csproj", "{E84A59D2-E868-4108-BE9A-55CBB7E85E36}"
EndProject
Project("{9A19103F-16F7-4668-BE54-9A1E7A4F7556}") = "CSProlog", "CSProlog\CSProlog.csproj", "{6A947B78-96D1-45F2-BB9F-036586BAB544}"
EndProject
Project("{9A19103F-16F7-4668-BE54-9A1E7A4F7556}") = "CSProlog.Core.Test", "CSProlog.Core.Test\CSProlog.Core.Test.csproj", "{927B2CA6-BB69-422F-8107-B2E5EE9A6C4C}"
EndProject
Project("{9A19103F-16F7-4668-BE54-9A1E7A4F7556}") = "PL.NETcore", "PL.NETcore\PL.NETcore.csproj", "{191FF3C7-503C-4C3E-AC49-46B9BCB4B396}"
EndProject
Global
	GlobalSection(SolutionConfigurationPlatforms) = preSolution
		Debug|Any CPU = Debug|Any CPU
		LibraryRelease|Any CPU = LibraryRelease|Any CPU
		Release|Any CPU = Release|Any CPU
	EndGlobalSection
	GlobalSection(ProjectConfigurationPlatforms) = postSolution
		{B7438FBF-6E46-4065-A60B-1B1CA2AC9875}.Debug|Any CPU.ActiveCfg = Debug|Any CPU
		{B7438FBF-6E46-4065-A60B-1B1CA2AC9875}.Debug|Any CPU.Build.0 = Debug|Any CPU
		{B7438FBF-6E46-4065-A60B-1B1CA2AC9875}.LibraryRelease|Any CPU.ActiveCfg = Release|Any CPU
		{B7438FBF-6E46-4065-A60B-1B1CA2AC9875}.Release|Any CPU.ActiveCfg = Release|Any CPU
		{B7438FBF-6E46-4065-A60B-1B1CA2AC9875}.Release|Any CPU.Build.0 = Release|Any CPU
		{BB06ADF9-92C3-4F92-8397-5ACC92208528}.Debug|Any CPU.ActiveCfg = Debug|Any CPU
		{BB06ADF9-92C3-4F92-8397-5ACC92208528}.Debug|Any CPU.Build.0 = Debug|Any CPU
		{BB06ADF9-92C3-4F92-8397-5ACC92208528}.LibraryRelease|Any CPU.ActiveCfg = Release|Any CPU
		{BB06ADF9-92C3-4F92-8397-5ACC92208528}.Release|Any CPU.ActiveCfg = Release|Any CPU
		{BB06ADF9-92C3-4F92-8397-5ACC92208528}.Release|Any CPU.Build.0 = Release|Any CPU
		{E84A59D2-E868-4108-BE9A-55CBB7E85E36}.Debug|Any CPU.ActiveCfg = Debug|Any CPU
		{E84A59D2-E868-4108-BE9A-55CBB7E85E36}.Debug|Any CPU.Build.0 = Debug|Any CPU
		{E84A59D2-E868-4108-BE9A-55CBB7E85E36}.LibraryRelease|Any CPU.ActiveCfg = Release|Any CPU
		{E84A59D2-E868-4108-BE9A-55CBB7E85E36}.Release|Any CPU.ActiveCfg = Release|Any CPU
		{E84A59D2-E868-4108-BE9A-55CBB7E85E36}.Release|Any CPU.Build.0 = Release|Any CPU
		{6A947B78-96D1-45F2-BB9F-036586BAB544}.Debug|Any CPU.ActiveCfg = Debug|Any CPU
		{6A947B78-96D1-45F2-BB9F-036586BAB544}.Debug|Any CPU.Build.0 = Debug|Any CPU
		{6A947B78-96D1-45F2-BB9F-036586BAB544}.LibraryRelease|Any CPU.ActiveCfg = Release|Any CPU
		{6A947B78-96D1-45F2-BB9F-036586BAB544}.LibraryRelease|Any CPU.Build.0 = Release|Any CPU
		{6A947B78-96D1-45F2-BB9F-036586BAB544}.Release|Any CPU.ActiveCfg = Release|Any CPU
		{6A947B78-96D1-45F2-BB9F-036586BAB544}.Release|Any CPU.Build.0 = Release|Any CPU
		{927B2CA6-BB69-422F-8107-B2E5EE9A6C4C}.Debug|Any CPU.ActiveCfg = Debug|Any CPU
		{927B2CA6-BB69-422F-8107-B2E5EE9A6C4C}.Debug|Any CPU.Build.0 = Debug|Any CPU
		{927B2CA6-BB69-422F-8107-B2E5EE9A6C4C}.LibraryRelease|Any CPU.ActiveCfg = Release|Any CPU
		{927B2CA6-BB69-422F-8107-B2E5EE9A6C4C}.LibraryRelease|Any CPU.Build.0 = Release|Any CPU
		{927B2CA6-BB69-422F-8107-B2E5EE9A6C4C}.Release|Any CPU.ActiveCfg = Release|Any CPU
		{927B2CA6-BB69-422F-8107-B2E5EE9A6C4C}.Release|Any CPU.Build.0 = Release|Any CPU
		{191FF3C7-503C-4C3E-AC49-46B9BCB4B396}.Debug|Any CPU.ActiveCfg = Debug|Any CPU
		{191FF3C7-503C-4C3E-AC49-46B9BCB4B396}.Debug|Any CPU.Build.0 = Debug|Any CPU
		{191FF3C7-503C-4C3E-AC49-46B9BCB4B396}.LibraryRelease|Any CPU.ActiveCfg = Release|Any CPU
		{191FF3C7-503C-4C3E-AC49-46B9BCB4B396}.Release|Any CPU.ActiveCfg = Release|Any CPU
		{191FF3C7-503C-4C3E-AC49-46B9BCB4B396}.Release|Any CPU.Build.0 = Release|Any CPU
	EndGlobalSection
	GlobalSection(SolutionProperties) = preSolution
		HideSolutionNode = FALSE
	EndGlobalSection
	GlobalSection(ExtensibilityGlobals) = postSolution
		SolutionGuid = {D1917349-2AD7-41E1-B8E7-E1BE1AABA632}
	EndGlobalSection
EndGlobal
