Microsoft Visual Studio Solution File, Format Version 12.00
# Visual Studio 15
VisualStudioVersion = 15.0.26403.7
MinimumVisualStudioVersion = 10.0.40219.1
Project("{2150E333-8FDC-42A3-9474-1A3956D46DE8}") = "Solution Items", "Solution Items", "{435BB1A6-EBA7-4F55-BF99-AF1C65FC43E2}"
EndProject
Project("{9A19103F-16F7-4668-BE54-9A1E7A4F7556}") = "CSProlog.Core", "CSProlog\CSProlog.Core.csproj", "{E942D45B-5888-40F3-B457-F5E3678DA7B3}"
EndProject
Project("{9A19103F-16F7-4668-BE54-9A1E7A4F7556}") = "CSProlog.Core.Test", "CSProlog.Core.Test\CSProlog.Core.Test.csproj", "{E2646832-50FC-46F8-A30B-44604AD763B5}"
EndProject
Global
	GlobalSection(SolutionConfigurationPlatforms) = preSolution
		Debug|Any CPU = Debug|Any CPU
		LibraryRelease|Any CPU = LibraryRelease|Any CPU
		Release|Any CPU = Release|Any CPU
	EndGlobalSection
	GlobalSection(ProjectConfigurationPlatforms) = postSolution
		{E942D45B-5888-40F3-B457-F5E3678DA7B3}.Debug|Any CPU.ActiveCfg = Debug|Any CPU
		{E942D45B-5888-40F3-B457-F5E3678DA7B3}.Debug|Any CPU.Build.0 = Debug|Any CPU
		{E942D45B-5888-40F3-B457-F5E3678DA7B3}.LibraryRelease|Any CPU.ActiveCfg = Release|Any CPU
		{E942D45B-5888-40F3-B457-F5E3678DA7B3}.LibraryRelease|Any CPU.Build.0 = Release|Any CPU
		{E942D45B-5888-40F3-B457-F5E3678DA7B3}.Release|Any CPU.ActiveCfg = Release|Any CPU
		{E942D45B-5888-40F3-B457-F5E3678DA7B3}.Release|Any CPU.Build.0 = Release|Any CPU
		{E2646832-50FC-46F8-A30B-44604AD763B5}.Debug|Any CPU.ActiveCfg = Debug|Any CPU
		{E2646832-50FC-46F8-A30B-44604AD763B5}.Debug|Any CPU.Build.0 = Debug|Any CPU
		{E2646832-50FC-46F8-A30B-44604AD763B5}.LibraryRelease|Any CPU.ActiveCfg = Release|Any CPU
		{E2646832-50FC-46F8-A30B-44604AD763B5}.LibraryRelease|Any CPU.Build.0 = Release|Any CPU
		{E2646832-50FC-46F8-A30B-44604AD763B5}.Release|Any CPU.ActiveCfg = Release|Any CPU
		{E2646832-50FC-46F8-A30B-44604AD763B5}.Release|Any CPU.Build.0 = Release|Any CPU
	EndGlobalSection
	GlobalSection(SolutionProperties) = preSolution
		HideSolutionNode = FALSE
	EndGlobalSection
EndGlobal
